{
  "name": "teachercircle",
  "version": "0.1.0",
  "lockfileVersion": 3,
  "requires": true,
  "packages": {
    "": {
      "name": "teachercircle",
      "version": "0.1.0",
      "dependencies": {
        "@dicebear/collection": "^9.4.3",
        "@dicebear/core": "^9.4.3",
        "next": "14.2.35",
        "qrcode": "1.5.3",
        "react": "18.3.1",
        "react-dom": "18.3.1"
      },
      "devDependencies": {
        "@types/node": "20.14.2",
        "@types/qrcode": "1.5.5",
        "@types/react": "18.3.3",
        "@types/react-dom": "18.3.0",
        "typescript": "5.4.5"
      }
    },
    "node_modules/@dicebear/adventurer": {
      "version": "9.4.3",
      "resolved": "https://registry.npmjs.org/@dicebear/adventurer/-/adventurer-9.4.3.tgz",
      "integrity": "sha512-LPzLiNBVSrzb2lBTwAP00+ew/VfqcImI/ULVFaL2LXEuY3QlAOLwvR4TpwX8AIqeo8JDQO4cVMHZsCm0c2uGdg==",
      "license": "(MIT AND CC-BY-4.0)",
      "engines": {
        "node": ">=18.0.0"
      },
      "peerDependencies": {
        "@dicebear/core": "^9.0.0"
      }
    },
    "node_modules/@dicebear/adventurer-neutral": {
      "version": "9.4.3",
      "resolved": "https://registry.npmjs.org/@dicebear/adventurer-neutral/-/adventurer-neutral-9.4.3.tgz",
      "integrity": "sha512-G55yvlmc439YfE1tTmQaB6FB87kUiqc0vzi4ZiuXrfs9Hj0w5xKTJzox4eZKH7U3j6MujZV29qm+CozdtNJrpw==",
      "license": "(MIT AND CC-BY-4.0)",
      "engines": {
        "node": ">=18.0.0"
      },
      "peerDependencies": {
        "@dicebear/core": "^9.0.0"
      }
    },
    "node_modules/@dicebear/avataaars": {
      "version": "9.4.3",
      "resolved": "https://registry.npmjs.org/@dicebear/avataaars/-/avataaars-9.4.3.tgz",
      "integrity": "sha512-LNIZNb1TaXhL2/OfJK+lmw8Kkbn6eot1FHiLoU2/AzOmjSQQVJC0ZvwrZ/tdQEIGeMPu5nhJLmNwH/kFMoF+Tw==",
      "license": "See LICENSE file",
      "engines": {
        "node": ">=18.0.0"
      },
      "peerDependencies": {
        "@dicebear/core": "^9.0.0"
      }
    },
    "node_modules/@dicebear/avataaars-neutral": {
      "version": "9.4.3",
      "resolved": "https://registry.npmjs.org/@dicebear/avataaars-neutral/-/avataaars-neutral-9.4.3.tgz",
      "integrity": "sha512-5c06ZmZQGEZTKj7MAJo593PfBYxp/MsiA0994weqOgIPv1yvasEGZafTCgprqowZ6WP2IM6h9ymt6K9fRL9P4w==",
      "license": "See LICENSE file",
      "engines": {
        "node": ">=18.0.0"
      },
      "peerDependencies": {
        "@dicebear/core": "^9.0.0"
      }
    },
    "node_modules/@dicebear/big-ears": {
      "version": "9.4.3",
      "resolved": "https://registry.npmjs.org/@dicebear/big-ears/-/big-ears-9.4.3.tgz",
      "integrity": "sha512-qQb8lHj8cIq8+1wc6Bw57VkUp9L5DQvFHuDEj7m5Su4AZj4JbUtOwO33VP/wApFij4XF0Db0NlwVXtT7pYN98w==",
      "license": "(MIT AND CC-BY-4.0)",
      "engines": {
        "node": ">=18.0.0"
      },
      "peerDependencies": {
        "@dicebear/core": "^9.0.0"
      }
    },
    "node_modules/@dicebear/big-ears-neutral": {
      "version": "9.4.3",
      "resolved": "https://registry.npmjs.org/@dicebear/big-ears-neutral/-/big-ears-neutral-9.4.3.tgz",
      "integrity": "sha512-e35iEcvKaNUWW1BkNZp6py4Xb5DmJP3jWMgBqsGT6QtqN6L+JffUoMyABWIYnNS0dX2JpJOWV6rEx/v4atFc1Q==",
      "license": "(MIT AND CC-BY-4.0)",
      "engines": {
        "node": ">=18.0.0"
      },
      "peerDependencies": {
        "@dicebear/core": "^9.0.0"
      }
    },
    "node_modules/@dicebear/big-smile": {
      "version": "9.4.3",
      "resolved": "https://registry.npmjs.org/@dicebear/big-smile/-/big-smile-9.4.3.tgz",
      "integrity": "sha512-cAKHvqdxfL+D+3b2z0/P0MJAwijax6CTfJghTHZvEIUh7SSn4r0h/BWCLpuOFi5SMAgebsWQ2NtCkt7z9v1REw==",
      "license": "(MIT AND CC-BY-4.0)",
      "engines": {
        "node": ">=18.0.0"
      },
      "peerDependencies": {
        "@dicebear/core": "^9.0.0"
      }
    },
    "node_modules/@dicebear/bottts": {
      "version": "9.4.3",
      "resolved": "https://registry.npmjs.org/@dicebear/bottts/-/bottts-9.4.3.tgz",
      "integrity": "sha512-yGQRsiLF6CBSUW9PdMByRvqVVpLZdiBHJNHG4HuY5Ka2FVZVONhgVOneXnroeMJsOV84UC1vU5ncXjLYV46J1Q==",
      "license": "See LICENSE file",
      "engines": {
        "node": ">=18.0.0"
      },
      "peerDependencies": {
        "@dicebear/core": "^9.0.0"
      }
    },
    "node_modules/@dicebear/bottts-neutral": {
      "version": "9.4.3",
      "resolved": "https://registry.npmjs.org/@dicebear/bottts-neutral/-/bottts-neutral-9.4.3.tgz",
      "integrity": "sha512-epA6zCZyqXGQWoji1ptGxQ6l5lkiaGGLS+ElRqQsBao2m3za0RNC87ajRJIz+5z7W0N8InjO85dkvhiSedkTaA==",
      "license": "See LICENSE file",
      "engines": {
        "node": ">=18.0.0"
      },
      "peerDependencies": {
        "@dicebear/core": "^9.0.0"
      }
    },
    "node_modules/@dicebear/collection": {
      "version": "9.4.3",
      "resolved": "https://registry.npmjs.org/@dicebear/collection/-/collection-9.4.3.tgz",
      "integrity": "sha512-XBKz1cVOqRBbzDzck8CkjlJASfx1e6O2rW+h0gc3d1R1mzzYAWjaiB1RV8TevrRMZff5fc9lgeLtaRrZPfv0uQ==",
      "license": "MIT",
      "dependencies": {
        "@dicebear/adventurer": "9.4.3",
        "@dicebear/adventurer-neutral": "9.4.3",
        "@dicebear/avataaars": "9.4.3",
        "@dicebear/avataaars-neutral": "9.4.3",
        "@dicebear/big-ears": "9.4.3",
        "@dicebear/big-ears-neutral": "9.4.3",
        "@dicebear/big-smile": "9.4.3",
        "@dicebear/bottts": "9.4.3",
        "@dicebear/bottts-neutral": "9.4.3",
        "@dicebear/croodles": "9.4.3",
        "@dicebear/croodles-neutral": "9.4.3",
        "@dicebear/dylan": "9.4.3",
        "@dicebear/fun-emoji": "9.4.3",
        "@dicebear/glass": "9.4.3",
        "@dicebear/icons": "9.4.3",
        "@dicebear/identicon": "9.4.3",
        "@dicebear/initials": "9.4.3",
        "@dicebear/lorelei": "9.4.3",
        "@dicebear/lorelei-neutral": "9.4.3",
        "@dicebear/micah": "9.4.3",
        "@dicebear/miniavs": "9.4.3",
        "@dicebear/notionists": "9.4.3",
        "@dicebear/notionists-neutral": "9.4.3",
        "@dicebear/open-peeps": "9.4.3",
        "@dicebear/personas": "9.4.3",
        "@dicebear/pixel-art": "9.4.3",
        "@dicebear/pixel-art-neutral": "9.4.3",
        "@dicebear/rings": "9.4.3",
        "@dicebear/shapes": "9.4.3",
        "@dicebear/thumbs": "9.4.3",
        "@dicebear/toon-head": "9.4.3"
      },
      "engines": {
        "node": ">=18.0.0"
      },
      "peerDependencies": {
        "@dicebear/core": "^9.0.0"
      }
    },
    "node_modules/@dicebear/core": {
      "version": "9.4.3",
      "resolved": "https://registry.npmjs.org/@dicebear/core/-/core-9.4.3.tgz",
      "integrity": "sha512-9ITrQI57k3p5hKuU8HZJ1d0kPdrmTKEJDOdlKQ8CpaChbtmnD1R+dtWmNz5IesYThXM8F64pJ0ZvJ2rsY8Hciw==",
      "license": "MIT",
      "dependencies": {
        "@types/json-schema": "^7.0.15"
      },
      "engines": {
        "node": ">=18.0.0"
      }
    },
    "node_modules/@dicebear/croodles": {
      "version": "9.4.3",
      "resolved": "https://registry.npmjs.org/@dicebear/croodles/-/croodles-9.4.3.tgz",
      "integrity": "sha512-8i6dGQ8IvX+s7qoSuoO3UovX2IFA3DhK1LkKbH8+YNXJvR2TM0XFflrvQlv+QjxLoBlianAZ6e9vxWJyyIdNaA==",
      "license": "(MIT AND CC-BY-4.0)",
      "engines": {
        "node": ">=18.0.0"
      },
      "peerDependencies": {
        "@dicebear/core": "^9.0.0"
      }
    },
    "node_modules/@dicebear/croodles-neutral": {
      "version": "9.4.3",
      "resolved": "https://registry.npmjs.org/@dicebear/croodles-neutral/-/croodles-neutral-9.4.3.tgz",
      "integrity": "sha512-u2Dc38qPN1NA8LA2xb79Jr7nl3xrkAL+/uCj2mDLmfmfJl+pCMwLy9+niEHH7Dzp443v1v6rfSmgXRpExk33GA==",
      "license": "(MIT AND CC-BY-4.0)",
      "engines": {
        "node": ">=18.0.0"
      },
      "peerDependencies": {
        "@dicebear/core": "^9.0.0"
      }
    },
    "node_modules/@dicebear/dylan": {
      "version": "9.4.3",
      "resolved": "https://registry.npmjs.org/@dicebear/dylan/-/dylan-9.4.3.tgz",
      "integrity": "sha512-LXBa+ZVoBQJQ5hlNxWqzUSdAUTUhFbG+9HV0+ipnajDoAUx1S6qdSJWiiVEan0Mz7VwDHe1zbBVhLxO2E+C7ig==",
      "license": "(MIT AND CC-BY-4.0)",
      "engines": {
        "node": ">=18.0.0"
      },
      "peerDependencies": {
        "@dicebear/core": "^9.0.0"
      }
    },
    "node_modules/@dicebear/fun-emoji": {
      "version": "9.4.3",
      "resolved": "https://registry.npmjs.org/@dicebear/fun-emoji/-/fun-emoji-9.4.3.tgz",
      "integrity": "sha512-7zO+bJzKNbFAE0FOwP4IvP2sVnemGxYYsHVWYSXj5ZiWibcsEDLSmCanZZgbfzsHaDvh7Y8mKK6dynbnCUGJDA==",
      "license": "(MIT AND CC-BY-4.0)",
      "engines": {
        "node": ">=18.0.0"
      },
      "peerDependencies": {
        "@dicebear/core": "^9.0.0"
      }
    },
    "node_modules/@dicebear/glass": {
      "version": "9.4.3",
      "resolved": "https://registry.npmjs.org/@dicebear/glass/-/glass-9.4.3.tgz",
      "integrity": "sha512-3PHJVvTFWelC5cYfSWNaWybw6tJDtkZN8yGKmaNmcyg+dmgxMtj7ke+HEdTGvOnqWihKH0JPHEuAUjo+Ze/1xA==",
      "license": "MIT",
      "engines": {
        "node": ">=18.0.0"
      },
      "peerDependencies": {
        "@dicebear/core": "^9.0.0"
      }
    },
    "node_modules/@dicebear/icons": {
      "version": "9.4.3",
      "resolved": "https://registry.npmjs.org/@dicebear/icons/-/icons-9.4.3.tgz",
      "integrity": "sha512-B3Sh0rwSHuD79dAnJghWtvj7GYPUGPHryz3XKvbLQIztqmKySUxzvl9kr+jTbnSRd+VOnsb8AXtaFksl9WBXrQ==",
      "license": "MIT",
      "engines": {
        "node": ">=18.0.0"
      },
      "peerDependencies": {
        "@dicebear/core": "^9.0.0"
      }
    },
    "node_modules/@dicebear/identicon": {
      "version": "9.4.3",
      "resolved": "https://registry.npmjs.org/@dicebear/identicon/-/identicon-9.4.3.tgz",
      "integrity": "sha512-Gct49oBAtNydzHru9h2F0U4DvoKdM7b9H0ahGWE7NfKvy9Hm9KlvzMv6whkrLhD7sjhT1mZ54VruiP6ghPySrQ==",
      "license": "MIT",
      "engines": {
        "node": ">=18.0.0"
      },
      "peerDependencies": {
        "@dicebear/core": "^9.0.0"
      }
    },
    "node_modules/@dicebear/initials": {
      "version": "9.4.3",
      "resolved": "https://registry.npmjs.org/@dicebear/initials/-/initials-9.4.3.tgz",
      "integrity": "sha512-/3Mzpr0FciRPWqxswOOsgjyO6tE7ZhNax/kXES050rnw8XdJ/viezN+Ip7FtNfXm+QF7sboxE8JX3L3hq54rIw==",
      "license": "MIT",
      "engines": {
        "node": ">=18.0.0"
      },
      "peerDependencies": {
        "@dicebear/core": "^9.0.0"
      }
    },
    "node_modules/@dicebear/lorelei": {
      "version": "9.4.3",
      "resolved": "https://registry.npmjs.org/@dicebear/lorelei/-/lorelei-9.4.3.tgz",
      "integrity": "sha512-bpch2LRqrdL7gEgU2AW9NwoVKgBSrOUEQJx6FUV1UI6alM72BLaeu04uMqWQUXdh+Hc0SCnkj4Lg8nazSyI3oA==",
      "license": "MIT",
      "engines": {
        "node": ">=18.0.0"
      },
      "peerDependencies": {
        "@dicebear/core": "^9.0.0"
      }
    },
    "node_modules/@dicebear/lorelei-neutral": {
      "version": "9.4.3",
      "resolved": "https://registry.npmjs.org/@dicebear/lorelei-neutral/-/lorelei-neutral-9.4.3.tgz",
      "integrity": "sha512-mG7C/mws529ylqls/9CzBGTU86scp/+gUouSB0gjsUPyikoXvm1kCZFQo5L4NAx1e1F5RQeTg4XwCk4NNW7MWg==",
      "license": "MIT",
      "engines": {
        "node": ">=18.0.0"
      },
      "peerDependencies": {
        "@dicebear/core": "^9.0.0"
      }
    },
    "node_modules/@dicebear/micah": {
      "version": "9.4.3",
      "resolved": "https://registry.npmjs.org/@dicebear/micah/-/micah-9.4.3.tgz",
      "integrity": "sha512-+76eH3Scu8jfiSbhGjK3OBWeTK+qiuKxrlZFimevaIUzNe6UjqEeaiBUg9R7LPAx3CNIXJOLhuzkHPEkOSnXtg==",
      "license": "(MIT AND CC-BY-4.0)",
      "engines": {
        "node": ">=18.0.0"
      },
      "peerDependencies": {
        "@dicebear/core": "^9.0.0"
      }
    },
    "node_modules/@dicebear/miniavs": {
      "version": "9.4.3",
      "resolved": "https://registry.npmjs.org/@dicebear/miniavs/-/miniavs-9.4.3.tgz",
      "integrity": "sha512-iBAbswzDYXK6+xwedKgrDP4nCi8vYRm1WGiIBL7lY4BE5UGpCFYA2tOIyYxiwvNHObnBi1k4QGYeyDWYK5O6Yw==",
      "license": "(MIT AND CC-BY-4.0)",
      "engines": {
        "node": ">=18.0.0"
      },
      "peerDependencies": {
        "@dicebear/core": "^9.0.0"
      }
    },
    "node_modules/@dicebear/notionists": {
      "version": "9.4.3",
      "resolved": "https://registry.npmjs.org/@dicebear/notionists/-/notionists-9.4.3.tgz",
      "integrity": "sha512-O3qRZ2PIWDeqNKXr/p3S1AI2ODqu7HoRWdfRa9kUdklRgWxt7oMx2EyahAqKk7Fqhe+IXqJkwfKV5Ev5b4SgzQ==",
      "license": "MIT",
      "engines": {
        "node": ">=18.0.0"
      },
      "peerDependencies": {
        "@dicebear/core": "^9.0.0"
      }
    },
    "node_modules/@dicebear/notionists-neutral": {
      "version": "9.4.3",
      "resolved": "https://registry.npmjs.org/@dicebear/notionists-neutral/-/notionists-neutral-9.4.3.tgz",
      "integrity": "sha512-ldp4fUkRWvizn6FIUYDwcK0d7hQEaUKld8n/Owgs2J/MgowjjbnDKgD884OFMjGN6VNcTqlVQXe6ReReQaHFpQ==",
      "license": "MIT",
      "engines": {
        "node": ">=18.0.0"
      },
      "peerDependencies": {
        "@dicebear/core": "^9.0.0"
      }
    },
    "node_modules/@dicebear/open-peeps": {
      "version": "9.4.3",
      "resolved": "https://registry.npmjs.org/@dicebear/open-peeps/-/open-peeps-9.4.3.tgz",
      "integrity": "sha512-jv2hZPQ25/r+aFm0bf7omEUMFUy1JoSMr2luGdTnSBmefaIFD9vjCOxIyBjvY9f5SBTqwVgqhED/lJyo+n2NKQ==",
      "license": "MIT",
      "engines": {
        "node": ">=18.0.0"
      },
      "peerDependencies": {
        "@dicebear/core": "^9.0.0"
      }
    },
    "node_modules/@dicebear/personas": {
      "version": "9.4.3",
      "resolved": "https://registry.npmjs.org/@dicebear/personas/-/personas-9.4.3.tgz",
      "integrity": "sha512-5ssYDAj0F5eOfoBq1fAVvzDMF9QGOKUaKEq/UGiNL7DMSOojazTC0cEHR7JOGcc/Fa53yfPf9v6932WXg/C0Ow==",
      "license": "(MIT AND CC-BY-4.0)",
      "engines": {
        "node": ">=18.0.0"
      },
      "peerDependencies": {
        "@dicebear/core": "^9.0.0"
      }
    },
    "node_modules/@dicebear/pixel-art": {
      "version": "9.4.3",
      "resolved": "https://registry.npmjs.org/@dicebear/pixel-art/-/pixel-art-9.4.3.tgz",
      "integrity": "sha512-sGoG6MEs9ZWD+5+7OObVjp7IrF3E/UEKTg7T4kou9UXl2YXLVy8u8hHnAgTqWhiVZuyYozAVsK2E/oYvMigYBw==",
      "license": "MIT",
      "engines": {
        "node": ">=18.0.0"
      },
      "peerDependencies": {
        "@dicebear/core": "^9.0.0"
      }
    },
    "node_modules/@dicebear/pixel-art-neutral": {
      "version": "9.4.3",
      "resolved": "https://registry.npmjs.org/@dicebear/pixel-art-neutral/-/pixel-art-neutral-9.4.3.tgz",
      "integrity": "sha512-g9x3e9wGChvui44EV2JXJMvVKqN2/yzmZsMV6odlhkUrQLr/vZfZo/Qnh/Dj0D93QR4yW7mkLe5f3TfSMINgjg==",
      "license": "MIT",
      "engines": {
        "node": ">=18.0.0"
      },
      "peerDependencies": {
        "@dicebear/core": "^9.0.0"
      }
    },
    "node_modules/@dicebear/rings": {
      "version": "9.4.3",
      "resolved": "https://registry.npmjs.org/@dicebear/rings/-/rings-9.4.3.tgz",
      "integrity": "sha512-vVyUWy/FBdSx7zd1+wCHmncwbUzoaZkm4UebKVftW1vLF65MGqEoHEuimp0+T5XxX3cZAim4ISehY/1w6N7EVQ==",
      "license": "MIT",
      "engines": {
        "node": ">=18.0.0"
      },
      "peerDependencies": {
        "@dicebear/core": "^9.0.0"
      }
    },
    "node_modules/@dicebear/shapes": {
      "version": "9.4.3",
      "resolved": "https://registry.npmjs.org/@dicebear/shapes/-/shapes-9.4.3.tgz",
      "integrity": "sha512-3YUOTO/agC3x4C+ncEmIQxrrluxQadfFmMtbxE6+nFD8Fgc862KP62uzPlXmSJKC+9L5EEKm5ZGZu8aYbkh4kA==",
      "license": "MIT",
      "engines": {
        "node": ">=18.0.0"
      },
      "peerDependencies": {
        "@dicebear/core": "^9.0.0"
      }
    },
    "node_modules/@dicebear/thumbs": {
      "version": "9.4.3",
      "resolved": "https://registry.npmjs.org/@dicebear/thumbs/-/thumbs-9.4.3.tgz",
      "integrity": "sha512-qS58CJl7YlWcO40omsSFdUQr08Nk4EzX6EwbYUJRFQVnzyOt52MoQOeCxEcH10o8mu8PCNKX3ZfeioV/yVn+NA==",
      "license": "MIT",
      "engines": {
        "node": ">=18.0.0"
      },
      "peerDependencies": {
        "@dicebear/core": "^9.0.0"
      }
    },
    "node_modules/@dicebear/toon-head": {
      "version": "9.4.3",
      "resolved": "https://registry.npmjs.org/@dicebear/toon-head/-/toon-head-9.4.3.tgz",
      "integrity": "sha512-NcXfUWk0pjMsh2xe4L8PLNQowdPsC5FCIJ2OO1CCebAaV40f3O6xsRcvgHtrore3V1433B6ENRxwPMgOkwWnDw==",
      "license": "(MIT AND CC-BY-4.0)",
      "engines": {
        "node": ">=16.0.0"
      },
      "peerDependencies": {
        "@dicebear/core": "^9.0.0"
      }
    },
    "node_modules/@next/env": {
      "version": "14.2.35",
      "resolved": "https://registry.npmjs.org/@next/env/-/env-14.2.35.tgz",
      "integrity": "sha512-DuhvCtj4t9Gwrx80dmz2F4t/zKQ4ktN8WrMwOuVzkJfBilwAwGr6v16M5eI8yCuZ63H9TTuEU09Iu2HqkzFPVQ==",
      "license": "MIT"
    },
    "node_modules/@next/swc-darwin-arm64": {
      "version": "14.2.33",
      "resolved": "https://registry.npmjs.org/@next/swc-darwin-arm64/-/swc-darwin-arm64-14.2.33.tgz",
      "integrity": "sha512-HqYnb6pxlsshoSTubdXKu15g3iivcbsMXg4bYpjL2iS/V6aQot+iyF4BUc2qA/J/n55YtvE4PHMKWBKGCF/+wA==",
      "cpu": [
        "arm64"
      ],
      "license": "MIT",
      "optional": true,
      "os": [
        "darwin"
      ],
      "engines": {
        "node": ">= 10"
      }
    },
    "node_modules/@next/swc-darwin-x64": {
      "version": "14.2.33",
      "resolved": "https://registry.npmjs.org/@next/swc-darwin-x64/-/swc-darwin-x64-14.2.33.tgz",
      "integrity": "sha512-8HGBeAE5rX3jzKvF593XTTFg3gxeU4f+UWnswa6JPhzaR6+zblO5+fjltJWIZc4aUalqTclvN2QtTC37LxvZAA==",
      "cpu": [
        "x64"
      ],
      "license": "MIT",
      "optional": true,
      "os": [
        "darwin"
      ],
      "engines": {
        "node": ">= 10"
      }
    },
    "node_modules/@next/swc-linux-arm64-gnu": {
      "version": "14.2.33",
      "resolved": "https://registry.npmjs.org/@next/swc-linux-arm64-gnu/-/swc-linux-arm64-gnu-14.2.33.tgz",
      "integrity": "sha512-JXMBka6lNNmqbkvcTtaX8Gu5by9547bukHQvPoLe9VRBx1gHwzf5tdt4AaezW85HAB3pikcvyqBToRTDA4DeLw==",
      "cpu": [
        "arm64"
      ],
      "libc": [
        "glibc"
      ],
      "license": "MIT",
      "optional": true,
      "os": [
        "linux"
      ],
      "engines": {
        "node": ">= 10"
      }
    },
    "node_modules/@next/swc-linux-arm64-musl": {
      "version": "14.2.33",
      "resolved": "https://registry.npmjs.org/@next/swc-linux-arm64-musl/-/swc-linux-arm64-musl-14.2.33.tgz",
      "integrity": "sha512-Bm+QulsAItD/x6Ih8wGIMfRJy4G73tu1HJsrccPW6AfqdZd0Sfm5Imhgkgq2+kly065rYMnCOxTBvmvFY1BKfg==",
      "cpu": [
        "arm64"
      ],
      "libc": [
        "musl"
      ],
      "license": "MIT",
      "optional": true,
      "os": [
        "linux"
      ],
      "engines": {
        "node": ">= 10"
      }
    },
    "node_modules/@next/swc-linux-x64-gnu": {
      "version": "14.2.33",
      "resolved": "https://registry.npmjs.org/@next/swc-linux-x64-gnu/-/swc-linux-x64-gnu-14.2.33.tgz",
      "integrity": "sha512-FnFn+ZBgsVMbGDsTqo8zsnRzydvsGV8vfiWwUo1LD8FTmPTdV+otGSWKc4LJec0oSexFnCYVO4hX8P8qQKaSlg==",
      "cpu": [
        "x64"
      ],
      "libc": [
        "glibc"
      ],
      "license": "MIT",
      "optional": true,
      "os": [
        "linux"
      ],
      "engines": {
        "node": ">= 10"
      }
    },
    "node_modules/@next/swc-linux-x64-musl": {
      "version": "14.2.33",
      "resolved": "https://registry.npmjs.org/@next/swc-linux-x64-musl/-/swc-linux-x64-musl-14.2.33.tgz",
      "integrity": "sha512-345tsIWMzoXaQndUTDv1qypDRiebFxGYx9pYkhwY4hBRaOLt8UGfiWKr9FSSHs25dFIf8ZqIFaPdy5MljdoawA==",
      "cpu": [
        "x64"
      ],
      "libc": [
        "musl"
      ],
      "license": "MIT",
      "optional": true,
      "os": [
        "linux"
      ],
      "engines": {
        "node": ">= 10"
      }
    },
    "node_modules/@next/swc-win32-arm64-msvc": {
      "version": "14.2.33",
      "resolved": "https://registry.npmjs.org/@next/swc-win32-arm64-msvc/-/swc-win32-arm64-msvc-14.2.33.tgz",
      "integrity": "sha512-nscpt0G6UCTkrT2ppnJnFsYbPDQwmum4GNXYTeoTIdsmMydSKFz9Iny2jpaRupTb+Wl298+Rh82WKzt9LCcqSQ==",
      "cpu": [
        "arm64"
      ],
      "license": "MIT",
      "optional": true,
      "os": [
        "win32"
      ],
      "engines": {
        "node": ">= 10"
      }
    },
    "node_modules/@next/swc-win32-ia32-msvc": {
      "version": "14.2.33",
      "resolved": "https://registry.npmjs.org/@next/swc-win32-ia32-msvc/-/swc-win32-ia32-msvc-14.2.33.tgz",
      "integrity": "sha512-pc9LpGNKhJ0dXQhZ5QMmYxtARwwmWLpeocFmVG5Z0DzWq5Uf0izcI8tLc+qOpqxO1PWqZ5A7J1blrUIKrIFc7Q==",
      "cpu": [
        "ia32"
      ],
      "license": "MIT",
      "optional": true,
      "os": [
        "win32"
      ],
      "engines": {
        "node": ">= 10"
      }
    },
    "node_modules/@next/swc-win32-x64-msvc": {
      "version": "14.2.33",
      "resolved": "https://registry.npmjs.org/@next/swc-win32-x64-msvc/-/swc-win32-x64-msvc-14.2.33.tgz",
      "integrity": "sha512-nOjfZMy8B94MdisuzZo9/57xuFVLHJaDj5e/xrduJp9CV2/HrfxTRH2fbyLe+K9QT41WBLUd4iXX3R7jBp0EUg==",
      "cpu": [
        "x64"
      ],
      "license": "MIT",
      "optional": true,
      "os": [
        "win32"
      ],
      "engines": {
        "node": ">= 10"
      }
    },
    "node_modules/@swc/counter": {
      "version": "0.1.3",
      "resolved": "https://registry.npmjs.org/@swc/counter/-/counter-0.1.3.tgz",
      "integrity": "sha512-e2BR4lsJkkRlKZ/qCHPw9ZaSxc0MVUd7gtbtaB7aMvHeJVYe8sOB8DBZkP2DtISHGSku9sCK6T6cnY0CtXrOCQ==",
      "license": "Apache-2.0"
    },
    "node_modules/@swc/helpers": {
      "version": "0.5.5",
      "resolved": "https://registry.npmjs.org/@swc/helpers/-/helpers-0.5.5.tgz",
      "integrity": "sha512-KGYxvIOXcceOAbEk4bi/dVLEK9z8sZ0uBB3Il5b1rhfClSpcX0yfRO0KmTkqR2cnQDymwLB+25ZyMzICg/cm/A==",
      "license": "Apache-2.0",
      "dependencies": {
        "@swc/counter": "^0.1.3",
        "tslib": "^2.4.0"
      }
    },
    "node_modules/@types/json-schema": {
      "version": "7.0.15",
      "resolved": "https://registry.npmjs.org/@types/json-schema/-/json-schema-7.0.15.tgz",
      "integrity": "sha512-5+fP8P8MFNC+AyZCDxrB2pkZFPGzqQWUzpSeuuVLvm8VMcorNYavBqoFcxK8bQz4Qsbn4oUEEem4wDLfcysGHA==",
      "license": "MIT"
    },
    "node_modules/@types/node": {
      "version": "20.14.2",
      "resolved": "https://registry.npmjs.org/@types/node/-/node-20.14.2.tgz",
      "integrity": "sha512-xyu6WAMVwv6AKFLB+e/7ySZVr/0zLCzOa7rSpq6jNwpqOrUbcACDWC+53d4n2QHOnDou0fbIsg8wZu/sxrnI4Q==",
      "dev": true,
      "license": "MIT",
      "dependencies": {
        "undici-types": "~5.26.4"
      }
    },
    "node_modules/@types/prop-types": {
      "version": "15.7.15",
      "resolved": "https://registry.npmjs.org/@types/prop-types/-/prop-types-15.7.15.tgz",
      "integrity": "sha512-F6bEyamV9jKGAFBEmlQnesRPGOQqS2+Uwi0Em15xenOxHaf2hv6L8YCVn3rPdPJOiJfPiCnLIRyvwVaqMY3MIw==",
      "dev": true,
      "license": "MIT"
    },
    "node_modules/@types/qrcode": {
      "version": "1.5.5",
      "resolved": "https://registry.npmjs.org/@types/qrcode/-/qrcode-1.5.5.tgz",
      "integrity": "sha512-CdfBi/e3Qk+3Z/fXYShipBT13OJ2fDO2Q2w5CIP5anLTLIndQG9z6P1cnm+8zCWSpm5dnxMFd/uREtb0EXuQzg==",
      "dev": true,
      "license": "MIT",
      "dependencies": {
        "@types/node": "*"
      }
    },
    "node_modules/@types/react": {
      "version": "18.3.3",
      "resolved": "https://registry.npmjs.org/@types/react/-/react-18.3.3.tgz",
      "integrity": "sha512-hti/R0pS0q1/xx+TsI73XIqk26eBsISZ2R0wUijXIngRK9R/e7Xw/cXVxQK7R5JjW+SV4zGcn5hXjudkN/pLIw==",
      "dev": true,
      "license": "MIT",
      "dependencies": {
        "@types/prop-types": "*",
        "csstype": "^3.0.2"
      }
    },
    "node_modules/@types/react-dom": {
      "version": "18.3.0",
      "resolved": "https://registry.npmjs.org/@types/react-dom/-/react-dom-18.3.0.tgz",
      "integrity": "sha512-EhwApuTmMBmXuFOikhQLIBUn6uFg81SwLMOAUgodJF14SOBOCMdU04gDoYi0WOJJHD144TL32z4yDqCW3dnkQg==",
      "dev": true,
      "license": "MIT",
      "dependencies": {
        "@types/react": "*"
      }
    },
    "node_modules/ansi-regex": {
      "version": "5.0.1",
      "resolved": "https://registry.npmjs.org/ansi-regex/-/ansi-regex-5.0.1.tgz",
      "integrity": "sha512-quJQXlTSUGL2LH9SUXo8VwsY4soanhgo6LNSm84E1LBcE8s3O0wpdiRzyR9z/ZZJMlMWv37qOOb9pdJlMUEKFQ==",
      "license": "MIT",
      "engines": {
        "node": ">=8"
      }
    },
    "node_modules/ansi-styles": {
      "version": "4.3.0",
      "resolved": "https://registry.npmjs.org/ansi-styles/-/ansi-styles-4.3.0.tgz",
      "integrity": "sha512-zbB9rCJAT1rbjiVDb2hqKFHNYLxgtk8NURxZ3IZwD3F6NtxbXZQCnnSi1Lkx+IDohdPlFp222wVALIheZJQSEg==",
      "license": "MIT",
      "dependencies": {
        "color-convert": "^2.0.1"
      },
      "engines": {
        "node": ">=8"
      },
      "funding": {
        "url": "https://github.com/chalk/ansi-styles?sponsor=1"
      }
    },
    "node_modules/busboy": {
      "version": "1.6.0",
      "resolved": "https://registry.npmjs.org/busboy/-/busboy-1.6.0.tgz",
      "integrity": "sha512-8SFQbg/0hQ9xy3UNTB0YEnsNBbWfhf7RtnzpL7TkBiTBRfrQ9Fxcnz7VJsleJpyp6rVLvXiuORqjlHi5q+PYuA==",
      "dependencies": {
        "streamsearch": "^1.1.0"
      },
      "engines": {
        "node": ">=10.16.0"
      }
    },
    "node_modules/camelcase": {
      "version": "5.3.1",
      "resolved": "https://registry.npmjs.org/camelcase/-/camelcase-5.3.1.tgz",
      "integrity": "sha512-L28STB170nwWS63UjtlEOE3dldQApaJXZkOI1uMFfzf3rRuPegHaHesyee+YxQ+W6SvRDQV6UrdOdRiR153wJg==",
      "license": "MIT",
      "engines": {
        "node": ">=6"
      }
    },
    "node_modules/caniuse-lite": {
      "version": "1.0.30001809",
      "resolved": "https://registry.npmjs.org/caniuse-lite/-/caniuse-lite-1.0.30001809.tgz",
      "integrity": "sha512-xxWVywk6a6Arlk+hymeycyn/VgqEfLDxupvhH/xiY5SJ/18kmi9o6MiO320DCUzypORHLtvh0I4i04tUhCNHNQ==",
      "funding": [
        {
          "type": "opencollective",
          "url": "https://opencollective.com/browserslist"
        },
        {
          "type": "tidelift",
          "url": "https://tidelift.com/funding/github/npm/caniuse-lite"
        },
        {
          "type": "github",
          "url": "https://github.com/sponsors/ai"
        }
      ],
      "license": "CC-BY-4.0"
    },
    "node_modules/client-only": {
      "version": "0.0.1",
      "resolved": "https://registry.npmjs.org/client-only/-/client-only-0.0.1.tgz",
      "integrity": "sha512-IV3Ou0jSMzZrd3pZ48nLkT9DA7Ag1pnPzaiQhpW7c3RbcqqzvzzVu+L8gfqMp/8IM2MQtSiqaCxrrcfu8I8rMA==",
      "license": "MIT"
    },
    "node_modules/cliui": {
      "version": "6.0.0",
      "resolved": "https://registry.npmjs.org/cliui/-/cliui-6.0.0.tgz",
      "integrity": "sha512-t6wbgtoCXvAzst7QgXxJYqPt0usEfbgQdftEPbLL/cvv6HPE5VgvqCuAIDR0NgU52ds6rFwqrgakNLrHEjCbrQ==",
      "license": "ISC",
      "dependencies": {
        "string-width": "^4.2.0",
        "strip-ansi": "^6.0.0",
        "wrap-ansi": "^6.2.0"
      }
    },
    "node_modules/color-convert": {
      "version": "2.0.1",
      "resolved": "https://registry.npmjs.org/color-convert/-/color-convert-2.0.1.tgz",
      "integrity": "sha512-RRECPsj7iu/xb5oKYcsFHSppFNnsj/52OVTRKb4zP5onXwVF3zVmmToNcOfGC+CRDpfK/U584fMg38ZHCaElKQ==",
      "license": "MIT",
      "dependencies": {
        "color-name": "~1.1.4"
      },
      "engines": {
        "node": ">=7.0.0"
      }
    },
    "node_modules/color-name": {
      "version": "1.1.4",
      "resolved": "https://registry.npmjs.org/color-name/-/color-name-1.1.4.tgz",
      "integrity": "sha512-dOy+3AuW3a2wNbZHIuMZpTcgjGuLU/uBL/ubcZF9OXbDo8ff4O8yVp5Bf0efS8uEoYo5q4Fx7dY9OgQGXgAsQA==",
      "license": "MIT"
    },
    "node_modules/csstype": {
      "version": "3.2.3",
      "resolved": "https://registry.npmjs.org/csstype/-/csstype-3.2.3.tgz",
      "integrity": "sha512-z1HGKcYy2xA8AGQfwrn0PAy+PB7X/GSj3UVJW9qKyn43xWa+gl5nXmU4qqLMRzWVLFC8KusUX8T/0kCiOYpAIQ==",
      "dev": true,
      "license": "MIT"
    },
    "node_modules/decamelize": {
      "version": "1.2.0",
      "resolved": "https://registry.npmjs.org/decamelize/-/decamelize-1.2.0.tgz",
      "integrity": "sha512-z2S+W9X73hAUUki+N+9Za2lBlun89zigOyGrsax+KUQ6wKW4ZoWpEYBkGhQjwAjjDCkWxhY0VKEhk8wzY7F5cA==",
      "license": "MIT",
      "engines": {
        "node": ">=0.10.0"
      }
    },
    "node_modules/dijkstrajs": {
      "version": "1.0.3",
      "resolved": "https://registry.npmjs.org/dijkstrajs/-/dijkstrajs-1.0.3.tgz",
      "integrity": "sha512-qiSlmBq9+BCdCA/L46dw8Uy93mloxsPSbwnm5yrKn2vMPiy8KyAskTF6zuV/j5BMsmOGZDPs7KjU+mjb670kfA==",
      "license": "MIT"
    },
    "node_modules/emoji-regex": {
      "version": "8.0.0",
      "resolved": "https://registry.npmjs.org/emoji-regex/-/emoji-regex-8.0.0.tgz",
      "integrity": "sha512-MSjYzcWNOA0ewAHpz0MxpYFvwg6yjy1NG3xteoqz644VCo/RPgnr1/GGt+ic3iJTzQ8Eu3TdM14SawnVUmGE6A==",
      "license": "MIT"
    },
    "node_modules/encode-utf8": {
      "version": "1.0.3",
      "resolved": "https://registry.npmjs.org/encode-utf8/-/encode-utf8-1.0.3.tgz",
      "integrity": "sha512-ucAnuBEhUK4boH2HjVYG5Q2mQyPorvv0u/ocS+zhdw0S8AlHYY+GOFhP1Gio5z4icpP2ivFSvhtFjQi8+T9ppw==",
      "license": "MIT"
    },
    "node_modules/find-up": {
      "version": "4.1.0",
      "resolved": "https://registry.npmjs.org/find-up/-/find-up-4.1.0.tgz",
      "integrity": "sha512-PpOwAdQ/YlXQ2vj8a3h8IipDuYRi3wceVQQGYWxNINccq40Anw7BlsEXCMbt1Zt+OLA6Fq9suIpIWD0OsnISlw==",
      "license": "MIT",
      "dependencies": {
        "locate-path": "^5.0.0",
        "path-exists": "^4.0.0"
      },
      "engines": {
        "node": ">=8"
      }
    },
    "node_modules/get-caller-file": {
      "version": "2.0.5",
      "resolved": "https://registry.npmjs.org/get-caller-file/-/get-caller-file-2.0.5.tgz",
      "integrity": "sha512-DyFP3BM/3YHTQOCUL/w0OZHR0lpKeGrxotcHWcqNEdnltqFwXVfhEBQ94eIo34AfQpo0rGki4cyIiftY06h2Fg==",
      "license": "ISC",
      "engines": {
        "node": "6.* || 8.* || >= 10.*"
      }
    },
    "node_modules/graceful-fs": {
      "version": "4.2.11",
      "resolved": "https://registry.npmjs.org/graceful-fs/-/graceful-fs-4.2.11.tgz",
      "integrity": "sha512-RbJ5/jmFcNNCcDV5o9eTnBLJ/HszWV0P73bc+Ff4nS/rJj+YaS6IGyiOL0VoBYX+l1Wrl3k63h/KrH+nhJ0XvQ==",
      "license": "ISC"
    },
    "node_modules/is-fullwidth-code-point": {
      "version": "3.0.0",
      "resolved": "https://registry.npmjs.org/is-fullwidth-code-point/-/is-fullwidth-code-point-3.0.0.tgz",
      "integrity": "sha512-zymm5+u+sCsSWyD9qNaejV3DFvhCKclKdizYaJUuHA83RLjb7nSuGnddCHGv0hk+KY7BMAlsWeK4Ueg6EV6XQg==",
      "license": "MIT",
      "engines": {
        "node": ">=8"
      }
    },
    "node_modules/js-tokens": {
      "version": "4.0.0",
      "resolved": "https://registry.npmjs.org/js-tokens/-/js-tokens-4.0.0.tgz",
      "integrity": "sha512-RdJUflcE3cUzKiMqQgsCu06FPu9UdIJO0beYbPhHN4k6apgJtifcoCtT9bcxOpYBtpD2kCM6Sbzg4CausW/PKQ==",
      "license": "MIT"
    },
    "node_modules/locate-path": {
      "version": "5.0.0",
      "resolved": "https://registry.npmjs.org/locate-path/-/locate-path-5.0.0.tgz",
      "integrity": "sha512-t7hw9pI+WvuwNJXwk5zVHpyhIqzg2qTlklJOf0mVxGSbe3Fp2VieZcduNYjaLDoy6p9uGpQEGWG87WpMKlNq8g==",
      "license": "MIT",
      "dependencies": {
        "p-locate": "^4.1.0"
      },
      "engines": {
        "node": ">=8"
      }
    },
    "node_modules/loose-envify": {
      "version": "1.4.0",
      "resolved": "https://registry.npmjs.org/loose-envify/-/loose-envify-1.4.0.tgz",
      "integrity": "sha512-lyuxPGr/Wfhrlem2CL/UcnUc1zcqKAImBDzukY7Y5F/yQiNdko6+fRLevlw1HgMySw7f611UIY408EtxRSoK3Q==",
      "license": "MIT",
      "dependencies": {
        "js-tokens": "^3.0.0 || ^4.0.0"
      },
      "bin": {
        "loose-envify": "cli.js"
      }
    },
    "node_modules/nanoid": {
      "version": "3.3.18",
      "resolved": "https://registry.npmjs.org/nanoid/-/nanoid-3.3.18.tgz",
      "integrity": "sha512-DTg4MJbGMWkfi6VZFdNt2/caMbQy4Ou+Op/hJQvGEWcnVfoA1QA+xzRKAzw9jD6+GVOOeYr/mIcuDSdug6F6+w==",
      "funding": [
        {
          "type": "github",
          "url": "https://github.com/sponsors/ai"
        }
      ],
      "license": "MIT",
      "bin": {
        "nanoid": "bin/nanoid.cjs"
      },
      "engines": {
        "node": "^10 || ^12 || ^13.7 || ^14 || >=15.0.1"
      }
    },
    "node_modules/next": {
      "version": "14.2.35",
      "resolved": "https://registry.npmjs.org/next/-/next-14.2.35.tgz",
      "integrity": "sha512-KhYd2Hjt/O1/1aZVX3dCwGXM1QmOV4eNM2UTacK5gipDdPN/oHHK/4oVGy7X8GMfPMsUTUEmGlsy0EY1YGAkig==",
      "license": "MIT",
      "dependencies": {
        "@next/env": "14.2.35",
        "@swc/helpers": "0.5.5",
        "busboy": "1.6.0",
        "caniuse-lite": "^1.0.30001579",
        "graceful-fs": "^4.2.11",
        "postcss": "8.4.31",
        "styled-jsx": "5.1.1"
      },
      "bin": {
        "next": "dist/bin/next"
      },
      "engines": {
        "node": ">=18.17.0"
      },
      "optionalDependencies": {
        "@next/swc-darwin-arm64": "14.2.33",
        "@next/swc-darwin-x64": "14.2.33",
        "@next/swc-linux-arm64-gnu": "14.2.33",
        "@next/swc-linux-arm64-musl": "14.2.33",
        "@next/swc-linux-x64-gnu": "14.2.33",
        "@next/swc-linux-x64-musl": "14.2.33",
        "@next/swc-win32-arm64-msvc": "14.2.33",
        "@next/swc-win32-ia32-msvc": "14.2.33",
        "@next/swc-win32-x64-msvc": "14.2.33"
      },
      "peerDependencies": {
        "@opentelemetry/api": "^1.1.0",
        "@playwright/test": "^1.41.2",
        "react": "^18.2.0",
        "react-dom": "^18.2.0",
        "sass": "^1.3.0"
      },
      "peerDependenciesMeta": {
        "@opentelemetry/api": {
          "optional": true
        },
        "@playwright/test": {
          "optional": true
        },
        "sass": {
          "optional": true
        }
      }
    },
    "node_modules/p-limit": {
      "version": "2.3.0",
      "resolved": "https://registry.npmjs.org/p-limit/-/p-limit-2.3.0.tgz",
      "integrity": "sha512-//88mFWSJx8lxCzwdAABTJL2MyWB12+eIY7MDL2SqLmAkeKU9qxRvWuSyTjm3FUmpBEMuFfckAIqEaVGUDxb6w==",
      "license": "MIT",
      "dependencies": {
        "p-try": "^2.0.0"
      },
      "engines": {
        "node": ">=6"
      },
      "funding": {
        "url": "https://github.com/sponsors/sindresorhus"
      }
    },
    "node_modules/p-locate": {
      "version": "4.1.0",
      "resolved": "https://registry.npmjs.org/p-locate/-/p-locate-4.1.0.tgz",
      "integrity": "sha512-R79ZZ/0wAxKGu3oYMlz8jy/kbhsNrS7SKZ7PxEHBgJ5+F2mtFW2fK2cOtBh1cHYkQsbzFV7I+EoRKe6Yt0oK7A==",
      "license": "MIT",
      "dependencies": {
        "p-limit": "^2.2.0"
      },
      "engines": {
        "node": ">=8"
      }
    },
    "node_modules/p-try": {
      "version": "2.2.0",
      "resolved": "https://registry.npmjs.org/p-try/-/p-try-2.2.0.tgz",
      "integrity": "sha512-R4nPAVTAU0B9D35/Gk3uJf/7XYbQcyohSKdvAxIRSNghFl4e71hVoGnBNQz9cWaXxO2I10KTC+3jMdvvoKw6dQ==",
      "license": "MIT",
      "engines": {
        "node": ">=6"
      }
    },
    "node_modules/path-exists": {
      "version": "4.0.0",
      "resolved": "https://registry.npmjs.org/path-exists/-/path-exists-4.0.0.tgz",
      "integrity": "sha512-ak9Qy5Q7jYb2Wwcey5Fpvg2KoAc/ZIhLSLOSBmRmygPsGwkVVt0fZa0qrtMz+m6tJTAHfZQ8FnmB4MG4LWy7/w==",
      "license": "MIT",
      "engines": {
        "node": ">=8"
      }
    },
    "node_modules/picocolors": {
      "version": "1.1.1",
      "resolved": "https://registry.npmjs.org/picocolors/-/picocolors-1.1.1.tgz",
      "integrity": "sha512-xceH2snhtb5M9liqDsmEw56le376mTZkEX/jEb/RxNFyegNul7eNslCXP9FDj/Lcu0X8KEyMceP2ntpaHrDEVA==",
      "license": "ISC"
    },
    "node_modules/pngjs": {
      "version": "5.0.0",
      "resolved": "https://registry.npmjs.org/pngjs/-/pngjs-5.0.0.tgz",
      "integrity": "sha512-40QW5YalBNfQo5yRYmiw7Yz6TKKVr3h6970B2YE+3fQpsWcrbj1PzJgxeJ19DRQjhMbKPIuMY8rFaXc8moolVw==",
      "license": "MIT",
      "engines": {
        "node": ">=10.13.0"
      }
    },
    "node_modules/postcss": {
      "version": "8.4.31",
      "resolved": "https://registry.npmjs.org/postcss/-/postcss-8.4.31.tgz",
      "integrity": "sha512-PS08Iboia9mts/2ygV3eLpY5ghnUcfLV/EXTOW1E2qYxJKGGBUtNjN76FYHnMs36RmARn41bC0AZmn+rR0OVpQ==",
      "funding": [
        {
          "type": "opencollective",
          "url": "https://opencollective.com/postcss/"
        },
        {
          "type": "tidelift",
          "url": "https://tidelift.com/funding/github/npm/postcss"
        },
        {
          "type": "github",
          "url": "https://github.com/sponsors/ai"
        }
      ],
      "license": "MIT",
      "dependencies": {
        "nanoid": "^3.3.6",
        "picocolors": "^1.0.0",
        "source-map-js": "^1.0.2"
      },
      "engines": {
        "node": "^10 || ^12 || >=14"
      }
    },
    "node_modules/qrcode": {
      "version": "1.5.3",
      "resolved": "https://registry.npmjs.org/qrcode/-/qrcode-1.5.3.tgz",
      "integrity": "sha512-puyri6ApkEHYiVl4CFzo1tDkAZ+ATcnbJrJ6RiBM1Fhctdn/ix9MTE3hRph33omisEbC/2fcfemsseiKgBPKZg==",
      "license": "MIT",
      "dependencies": {
        "dijkstrajs": "^1.0.1",
        "encode-utf8": "^1.0.3",
        "pngjs": "^5.0.0",
        "yargs": "^15.3.1"
      },
      "bin": {
        "qrcode": "bin/qrcode"
      },
      "engines": {
        "node": ">=10.13.0"
      }
    },
    "node_modules/react": {
      "version": "18.3.1",
      "resolved": "https://registry.npmjs.org/react/-/react-18.3.1.tgz",
      "integrity": "sha512-wS+hAgJShR0KhEvPJArfuPVN1+Hz1t0Y6n5jLrGQbkb4urgPE/0Rve+1kMB1v/oWgHgm4WIcV+i7F2pTVj+2iQ==",
      "license": "MIT",
      "dependencies": {
        "loose-envify": "^1.1.0"
      },
      "engines": {
        "node": ">=0.10.0"
      }
    },
    "node_modules/react-dom": {
      "version": "18.3.1",
      "resolved": "https://registry.npmjs.org/react-dom/-/react-dom-18.3.1.tgz",
      "integrity": "sha512-5m4nQKp+rZRb09LNH59GM4BxTh9251/ylbKIbpe7TpGxfJ+9kv6BLkLBXIjjspbgbnIBNqlI23tRnTWT0snUIw==",
      "license": "MIT",
      "dependencies": {
        "loose-envify": "^1.1.0",
        "scheduler": "^0.23.2"
      },
      "peerDependencies": {
        "react": "^18.3.1"
      }
    },
    "node_modules/require-directory": {
      "version": "2.1.1",
      "resolved": "https://registry.npmjs.org/require-directory/-/require-directory-2.1.1.tgz",
      "integrity": "sha512-fGxEI7+wsG9xrvdjsrlmL22OMTTiHRwAMroiEeMgq8gzoLC/PQr7RsRDSTLUg/bZAZtF+TVIkHc6/4RIKrui+Q==",
      "license": "MIT",
      "engines": {
        "node": ">=0.10.0"
      }
    },
    "node_modules/require-main-filename": {
      "version": "2.0.0",
      "resolved": "https://registry.npmjs.org/require-main-filename/-/require-main-filename-2.0.0.tgz",
      "integrity": "sha512-NKN5kMDylKuldxYLSUfrbo5Tuzh4hd+2E8NPPX02mZtn1VuREQToYe/ZdlJy+J3uCpfaiGF05e7B8W0iXbQHmg==",
      "license": "ISC"
    },
    "node_modules/scheduler": {
      "version": "0.23.2",
      "resolved": "https://registry.npmjs.org/scheduler/-/scheduler-0.23.2.tgz",
      "integrity": "sha512-UOShsPwz7NrMUqhR6t0hWjFduvOzbtv7toDH1/hIrfRNIDBnnBWd0CwJTGvTpngVlmwGCdP9/Zl/tVrDqcuYzQ==",
      "license": "MIT",
      "dependencies": {
        "loose-envify": "^1.1.0"
      }
    },
    "node_modules/set-blocking": {
      "version": "2.0.0",
      "resolved": "https://registry.npmjs.org/set-blocking/-/set-blocking-2.0.0.tgz",
      "integrity": "sha512-KiKBS8AnWGEyLzofFfmvKwpdPzqiy16LvQfK3yv/fVH7Bj13/wl3JSR1J+rfgRE9q7xUJK4qvgS8raSOeLUehw==",
      "license": "ISC"
    },
    "node_modules/source-map-js": {
      "version": "1.2.1",
      "resolved": "https://registry.npmjs.org/source-map-js/-/source-map-js-1.2.1.tgz",
      "integrity": "sha512-UXWMKhLOwVKb728IUtQPXxfYU+usdybtUrK/8uGE8CQMvrhOpwvzDBwj0QhSL7MQc7vIsISBG8VQ8+IDQxpfQA==",
      "license": "BSD-3-Clause",
      "engines": {
        "node": ">=0.10.0"
      }
    },
    "node_modules/streamsearch": {
      "version": "1.1.0",
      "resolved": "https://registry.npmjs.org/streamsearch/-/streamsearch-1.1.0.tgz",
      "integrity": "sha512-Mcc5wHehp9aXz1ax6bZUyY5afg9u2rv5cqQI3mRrYkGC8rW2hM02jWuwjtL++LS5qinSyhj2QfLyNsuc+VsExg==",
      "engines": {
        "node": ">=10.0.0"
      }
    },
    "node_modules/string-width": {
      "version": "4.2.3",
      "resolved": "https://registry.npmjs.org/string-width/-/string-width-4.2.3.tgz",
      "integrity": "sha512-wKyQRQpjJ0sIp62ErSZdGsjMJWsap5oRNihHhu6G7JVO/9jIB6UyevL+tXuOqrng8j/cxKTWyWUwvSTriiZz/g==",
      "license": "MIT",
      "dependencies": {
        "emoji-regex": "^8.0.0",
        "is-fullwidth-code-point": "^3.0.0",
        "strip-ansi": "^6.0.1"
      },
      "engines": {
        "node": ">=8"
      }
    },
    "node_modules/strip-ansi": {
      "version": "6.0.1",
      "resolved": "https://registry.npmjs.org/strip-ansi/-/strip-ansi-6.0.1.tgz",
      "integrity": "sha512-Y38VPSHcqkFrCpFnQ9vuSXmquuv5oXOKpGeT6aGrr3o3Gc9AlVa6JBfUSOCnbxGGZF+/0ooI7KrPuUSztUdU5A==",
      "license": "MIT",
      "dependencies": {
        "ansi-regex": "^5.0.1"
      },
      "engines": {
        "node": ">=8"
      }
    },
    "node_modules/styled-jsx": {
      "version": "5.1.1",
      "resolved": "https://registry.npmjs.org/styled-jsx/-/styled-jsx-5.1.1.tgz",
      "integrity": "sha512-pW7uC1l4mBZ8ugbiZrcIsiIvVx1UmTfw7UkC3Um2tmfUq9Bhk8IiyEIPl6F8agHgjzku6j0xQEZbfA5uSgSaCw==",
      "license": "MIT",
      "dependencies": {
        "client-only": "0.0.1"
      },
      "engines": {
        "node": ">= 12.0.0"
      },
      "peerDependencies": {
        "react": ">= 16.8.0 || 17.x.x || ^18.0.0-0"
      },
      "peerDependenciesMeta": {
        "@babel/core": {
          "optional": true
        },
        "babel-plugin-macros": {
          "optional": true
        }
      }
    },
    "node_modules/tslib": {
      "version": "2.8.1",
      "resolved": "https://registry.npmjs.org/tslib/-/tslib-2.8.1.tgz",
      "integrity": "sha512-oJFu94HQb+KVduSUQL7wnpmqnfmLsOA/nAh6b6EH0wCEoK0/mPeXU6c3wKDV83MkOuHPRHtSXKKU99IBazS/2w==",
      "license": "0BSD"
    },
    "node_modules/typescript": {
      "version": "5.4.5",
      "resolved": "https://registry.npmjs.org/typescript/-/typescript-5.4.5.tgz",
      "integrity": "sha512-vcI4UpRgg81oIRUFwR0WSIHKt11nJ7SAVlYNIu+QpqeyXP+gpQJy/Z4+F0aGxSE4MqwjyXvW/TzgkLAx2AGHwQ==",
      "dev": true,
      "license": "Apache-2.0",
      "bin": {
        "tsc": "bin/tsc",
        "tsserver": "bin/tsserver"
      },
      "engines": {
        "node": ">=14.17"
      }
    },
    "node_modules/undici-types": {
      "version": "5.26.5",
      "resolved": "https://registry.npmjs.org/undici-types/-/undici-types-5.26.5.tgz",
      "integrity": "sha512-JlCMO+ehdEIKqlFxk6IfVoAUVmgz7cU7zD/h9XZ0qzeosSHmUJVOzSQvvYSYWXkFXC+IfLKSIffhv0sVZup6pA==",
      "dev": true,
      "license": "MIT"
    },
    "node_modules/which-module": {
      "version": "2.0.1",
      "resolved": "https://registry.npmjs.org/which-module/-/which-module-2.0.1.tgz",
      "integrity": "sha512-iBdZ57RDvnOR9AGBhML2vFZf7h8vmBjhoaZqODJBFWHVtKkDmKuHai3cx5PgVMrX5YDNp27AofYbAwctSS+vhQ==",
      "license": "ISC"
    },
    "node_modules/wrap-ansi": {
      "version": "6.2.0",
      "resolved": "https://registry.npmjs.org/wrap-ansi/-/wrap-ansi-6.2.0.tgz",
      "integrity": "sha512-r6lPcBGxZXlIcymEu7InxDMhdW0KDxpLgoFLcguasxCaJ/SOIZwINatK9KY/tf+ZrlywOKU0UDj3ATXUBfxJXA==",
      "license": "MIT",
      "dependencies": {
        "ansi-styles": "^4.0.0",
        "string-width": "^4.1.0",
        "strip-ansi": "^6.0.0"
      },
      "engines": {
        "node": ">=8"
      }
    },
    "node_modules/y18n": {
      "version": "4.0.3",
      "resolved": "https://registry.npmjs.org/y18n/-/y18n-4.0.3.tgz",
      "integrity": "sha512-JKhqTOwSrqNA1NY5lSztJ1GrBiUodLMmIZuLiDaMRJ+itFd+ABVE8XBjOvIWL+rSqNDC74LCSFmlb/U4UZ4hJQ==",
      "license": "ISC"
    },
    "node_modules/yargs": {
      "version": "15.4.1",
      "resolved": "https://registry.npmjs.org/yargs/-/yargs-15.4.1.tgz",
      "integrity": "sha512-aePbxDmcYW++PaqBsJ+HYUFwCdv4LVvdnhBy78E57PIor8/OVvhMrADFFEDh8DHDFRv/O9i3lPhsENjO7QX0+A==",
      "license": "MIT",
      "dependencies": {
        "cliui": "^6.0.0",
        "decamelize": "^1.2.0",
        "find-up": "^4.1.0",
        "get-caller-file": "^2.0.1",
        "require-directory": "^2.1.1",
        "require-main-filename": "^2.0.0",
        "set-blocking": "^2.0.0",
        "string-width": "^4.2.0",
        "which-module": "^2.0.0",
        "y18n": "^4.0.0",
        "yargs-parser": "^18.1.2"
      },
      "engines": {
        "node": ">=8"
      }
    },
    "node_modules/yargs-parser": {
      "version": "18.1.3",
      "resolved": "https://registry.npmjs.org/yargs-parser/-/yargs-parser-18.1.3.tgz",
      "integrity": "sha512-o50j0JeToy/4K6OZcaQmW6lyXXKhq7csREXcDwk2omFPJEwUNOVtJKvmDr9EI1fAJZUyZcRF7kxGBWmRXudrCQ==",
      "license": "ISC",
      "dependencies": {
        "camelcase": "^5.0.0",
        "decamelize": "^1.2.0"
      },
      "engines": {
        "node": ">=6"
      }
    }
  }
}
